
Microsoft Visual Studio Solution File, Format Version 12.00
# Visual Studio Version 16
VisualStudioVersion = 25.0.1705.7
MinimumVisualStudioVersion = 10.0.40219.1
Project("{FAE04EC0-301F-11D3-BF4B-00C04F79EFBC}") = "LaurasPage", "LaurasPage\LaurasPage.csproj", "{26991D75-703A-408B-AEDE-50BFFA8C90ED}"
EndProject
Global
	GlobalSection(SolutionConfigurationPlatforms) = preSolution
		Debug|Any CPU = Debug|Any CPU
		Release|Any CPU = Release|Any CPU
	EndGlobalSection
	GlobalSection(ProjectConfigurationPlatforms) = postSolution
		{26991D75-703A-408B-AEDE-50BFFA8C90ED}.Debug|Any CPU.ActiveCfg = Debug|Any CPU
		{26991D75-703A-408B-AEDE-50BFFA8C90ED}.Debug|Any CPU.Build.0 = Debug|Any CPU
		{26991D75-703A-408B-AEDE-50BFFA8C90ED}.Release|Any CPU.ActiveCfg = Release|Any CPU
		{26991D75-703A-408B-AEDE-50BFFA8C90ED}.Release|Any CPU.Build.0 = Release|Any CPU
	EndGlobalSection
	GlobalSection(SolutionProperties) = preSolution
		HideSolutionNode = FALSE
	EndGlobalSection
	GlobalSection(ExtensibilityGlobals) = postSolution
		SolutionGuid = {5E80CC97-94D9-42A2-B43E-E3637477B995}
	EndGlobalSection
EndGlobal
